// !$*UTF8*$!
{
	archiveVersion = 1;
	classes = {
	};
	objectVersion = 60;
	objects = {

/* Begin PBXBuildFile section */
		6B6A9CF32C1E768D002D7C29 /* swift_playgroundApp.swift in Sources */ = {isa = PBXBuildFile; fileRef = 6B6A9CF22C1E768D002D7C29 /* swift_playgroundApp.swift */; };
		6B6A9CF52C1E768D002D7C29 /* ContentView.swift in Sources */ = {isa = PBXBuildFile; fileRef = 6B6A9CF42C1E768D002D7C29 /* ContentView.swift */; };
		6B6A9CF72C1E768E002D7C29 /* Assets.xcassets in Resources */ = {isa = PBXBuildFile; fileRef = 6B6A9CF62C1E768E002D7C29 /* Assets.xcassets */; };
		6B6A9CFB2C1E768E002D7C29 /* Preview Assets.xcassets in Resources */ = {isa = PBXBuildFile; fileRef = 6B6A9CFA2C1E768E002D7C29 /* Preview Assets.xcassets */; };
		6B6A9D052C1E768E002D7C29 /* swift_playgroundTests.swift in Sources */ = {isa = PBXBuildFile; fileRef = 6B6A9D042C1E768E002D7C29 /* swift_playgroundTests.swift */; };
		6B6A9D0F2C1E768E002D7C29 /* swift_playgroundUITests.swift in Sources */ = {isa = PBXBuildFile; fileRef = 6B6A9D0E2C1E768E002D7C29 /* swift_playgroundUITests.swift */; };
		6B6A9D112C1E768E002D7C29 /* swift_playgroundUITestsLaunchTests.swift in Sources */ = {isa = PBXBuildFile; fileRef = 6B6A9D102C1E768E002D7C29 /* swift_playgroundUITestsLaunchTests.swift */; };
/* End PBXBuildFile section */

/* Begin PBXContainerItemProxy section */
		6B6A9D012C1E768E002D7C29 /* PBXContainerItemProxy */ = {
			isa = PBXContainerItemProxy;
			containerPortal = 6B6A9CE72C1E768C002D7C29 /* Project object */;
			proxyType = 1;
			remoteGlobalIDString = 6B6A9CEE2C1E768C002D7C29;
			remoteInfo = "swift-playground";
		};
		6B6A9D0B2C1E768E002D7C29 /* PBXContainerItemProxy */ = {
			isa = PBXContainerItemProxy;
			containerPortal = 6B6A9CE72C1E768C002D7C29 /* Project object */;
			proxyType = 1;
			remoteGlobalIDString = 6B6A9CEE2C1E768C002D7C29;
			remoteInfo = "swift-playground";
		};
/* End PBXContainerItemProxy section */

/* Begin PBXFileReference section */
		6B6A9CEF2C1E768D002D7C29 /* swift-playground.app */ = {isa = PBXFileReference; explicitFileType = wrapper.application; includeInIndex = 0; path = "swift-playground.app"; sourceTree = BUILT_PRODUCTS_DIR; };
		6B6A9CF22C1E768D002D7C29 /* swift_playgroundApp.swift */ = {isa = PBXFileReference; lastKnownFileType = sourcecode.swift; path = swift_playgroundApp.swift; sourceTree = "<group>"; };
		6B6A9CF42C1E768D002D7C29 /* ContentView.swift */ = {isa = PBXFileReference; lastKnownFileType = sourcecode.swift; path = ContentView.swift; sourceTree = "<group>"; };
		6B6A9CF62C1E768E002D7C29 /* Assets.xcassets */ = {isa = PBXFileReference; lastKnownFileType = folder.assetcatalog; path = Assets.xcassets; sourceTree = "<group>"; };
		6B6A9CF82C1E768E002D7C29 /* swift_playground.entitlements */ = {isa = PBXFileReference; lastKnownFileType = text.plist.entitlements; path = swift_playground.entitlements; sourceTree = "<group>"; };
		6B6A9CFA2C1E768E002D7C29 /* Preview Assets.xcassets */ = {isa = PBXFileReference; lastKnownFileType = folder.assetcatalog; path = "Preview Assets.xcassets"; sourceTree = "<group>"; };
		6B6A9D002C1E768E002D7C29 /* swift-playgroundTests.xctest */ = {isa = PBXFileReference; explicitFileType = wrapper.cfbundle; includeInIndex = 0; path = "swift-playgroundTests.xctest"; sourceTree = BUILT_PRODUCTS_DIR; };
		6B6A9D042C1E768E002D7C29 /* swift_playgroundTests.swift */ = {isa = PBXFileReference; lastKnownFileType = sourcecode.swift; path = swift_playgroundTests.swift; sourceTree = "<group>"; };
		6B6A9D0A2C1E768E002D7C29 /* swift-playgroundUITests.xctest */ = {isa = PBXFileReference; explicitFileType = wrapper.cfbundle; includeInIndex = 0; path = "swift-playgroundUITests.xctest"; sourceTree = BUILT_PRODUCTS_DIR; };
		6B6A9D0E2C1E768E002D7C29 /* swift_playgroundUITests.swift */ = {isa = PBXFileReference; lastKnownFileType = sourcecode.swift; path = swift_playgroundUITests.swift; sourceTree = "<group>"; };
		6B6A9D102C1E768E002D7C29 /* swift_playgroundUITestsLaunchTests.swift */ = {isa = PBXFileReference; lastKnownFileType = sourcecode.swift; path = swift_playgroundUITestsLaunchTests.swift; sourceTree = "<group>"; };
/* End PBXFileReference section */

/* Begin PBXFrameworksBuildPhase section */
		6B6A9CEC2C1E768C002D7C29 /* Frameworks */ = {
			isa = PBXFrameworksBuildPhase;
			buildActionMask = 2147483647;
			files = (
			);
			runOnlyForDeploymentPostprocessing = 0;
		};
		6B6A9CFD2C1E768E002D7C29 /* Frameworks */ = {
			isa = PBXFrameworksBuildPhase;
			buildActionMask = 2147483647;
			files = (
			);
			runOnlyForDeploymentPostprocessing = 0;
		};
		6B6A9D072C1E768E002D7C29 /* Frameworks */ = {
			isa = PBXFrameworksBuildPhase;
			buildActionMask = 2147483647;
			files = (
			);
			runOnlyForDeploymentPostprocessing = 0;
		};
/* End PBXFrameworksBuildPhase section */

/* Begin PBXGroup section */
		6B6A9CE62C1E768C002D7C29 = {
			isa = PBXGroup;
			children = (
				6B6A9CF12C1E768D002D7C29 /* swift-playground */,
				6B6A9D032C1E768E002D7C29 /* swift-playgroundTests */,
				6B6A9D0D2C1E768E002D7C29 /* swift-playgroundUITests */,
				6B6A9CF02C1E768D002D7C29 /* Products */,
			);
			sourceTree = "<group>";
		};
		6B6A9CF02C1E768D002D7C29 /* Products */ = {
			isa = PBXGroup;
			children = (
				6B6A9CEF2C1E768D002D7C29 /* swift-playground.app */,
				6B6A9D002C1E768E002D7C29 /* swift-playgroundTests.xctest */,
				6B6A9D0A2C1E768E002D7C29 /* swift-playgroundUITests.xctest */,
			);
			name = Products;
			sourceTree = "<group>";
		};
		6B6A9CF12C1E768D002D7C29 /* swift-playground */ = {
			isa = PBXGroup;
			children = (
				6B6A9CF22C1E768D002D7C29 /* swift_playgroundApp.swift */,
				6B6A9CF42C1E768D002D7C29 /* ContentView.swift */,
				6B6A9CF62C1E768E002D7C29 /* Assets.xcassets */,
				6B6A9CF82C1E768E002D7C29 /* swift_playground.entitlements */,
				6B6A9CF92C1E768E002D7C29 /* Preview Content */,
			);
			path = "swift-playground";
			sourceTree = "<group>";
		};
		6B6A9CF92C1E768E002D7C29 /* Preview Content */ = {
			isa = PBXGroup;
			children = (
				6B6A9CFA2C1E768E002D7C29 /* Preview Assets.xcassets */,
			);
			path = "Preview Content";
			sourceTree = "<group>";
		};
		6B6A9D032C1E768E002D7C29 /* swift-playgroundTests */ = {
			isa = PBXGroup;
			children = (
				6B6A9D042C1E768E002D7C29 /* swift_playgroundTests.swift */,
			);
			path = "swift-playgroundTests";
			sourceTree = "<group>";
		};
		6B6A9D0D2C1E768E002D7C29 /* swift-playgroundUITests */ = {
			isa = PBXGroup;
			children = (
				6B6A9D0E2C1E768E002D7C29 /* swift_playgroundUITests.swift */,
				6B6A9D102C1E768E002D7C29 /* swift_playgroundUITestsLaunchTests.swift */,
			);
			path = "swift-playgroundUITests";
			sourceTree = "<group>";
		};
/* End PBXGroup section */

/* Begin PBXNativeTarget section */
		6B6A9CEE2C1E768C002D7C29 /* swift-playground */ = {
			isa = PBXNativeTarget;
			buildConfigurationList = 6B6A9D142C1E768E002D7C29 /* Build configuration list for PBXNativeTarget "swift-playground" */;
			buildPhases = (
				6B6A9CEB2C1E768C002D7C29 /* Sources */,
				6B6A9CEC2C1E768C002D7C29 /* Frameworks */,
				6B6A9CED2C1E768C002D7C29 /* Resources */,
			);
			buildRules = (
			);
			dependencies = (
			);
			name = "swift-playground";
			productName = "swift-playground";
			productReference = 6B6A9CEF2C1E768D002D7C29 /* swift-playground.app */;
			productType = "com.apple.product-type.application";
		};
		6B6A9CFF2C1E768E002D7C29 /* swift-playgroundTests */ = {
			isa = PBXNativeTarget;
			buildConfigurationList = 6B6A9D172C1E768E002D7C29 /* Build configuration list for PBXNativeTarget "swift-playgroundTests" */;
			buildPhases = (
				6B6A9CFC2C1E768E002D7C29 /* Sources */,
				6B6A9CFD2C1E768E002D7C29 /* Frameworks */,
				6B6A9CFE2C1E768E002D7C29 /* Resources */,
			);
			buildRules = (
			);
			dependencies = (
				6B6A9D022C1E768E002D7C29 /* PBXTargetDependency */,
			);
			name = "swift-playgroundTests";
			productName = "swift-playgroundTests";
			productReference = 6B6A9D002C1E768E002D7C29 /* swift-playgroundTests.xctest */;
			productType = "com.apple.product-type.bundle.unit-test";
		};
		6B6A9D092C1E768E002D7C29 /* swift-playgroundUITests */ = {
			isa = PBXNativeTarget;
			buildConfigurationList = 6B6A9D1A2C1E768E002D7C29 /* Build configuration list for PBXNativeTarget "swift-playgroundUITests" */;
			buildPhases = (
				6B6A9D062C1E768E002D7C29 /* Sources */,
				6B6A9D072C1E768E002D7C29 /* Frameworks */,
				6B6A9D082C1E768E002D7C29 /* Resources */,
			);
			buildRules = (
			);
			dependencies = (
				6B6A9D0C2C1E768E002D7C29 /* PBXTargetDependency */,
			);
			name = "swift-playgroundUITests";
			productName = "swift-playgroundUITests";
			productReference = 6B6A9D0A2C1E768E002D7C29 /* swift-playgroundUITests.xctest */;
			productType = "com.apple.product-type.bundle.ui-testing";
		};
/* End PBXNativeTarget section */

/* Begin PBXProject section */
		6B6A9CE72C1E768C002D7C29 /* Project object */ = {
			isa = PBXProject;
			attributes = {
				BuildIndependentTargetsInParallel = 1;
				LastSwiftUpdateCheck = 1600;
				LastUpgradeCheck = 1600;
				TargetAttributes = {
					6B6A9CEE2C1E768C002D7C29 = {
						CreatedOnToolsVersion = 16.0;
					};
					6B6A9CFF2C1E768E002D7C29 = {
						CreatedOnToolsVersion = 16.0;
						TestTargetID = 6B6A9CEE2C1E768C002D7C29;
					};
					6B6A9D092C1E768E002D7C29 = {
						CreatedOnToolsVersion = 16.0;
						TestTargetID = 6B6A9CEE2C1E768C002D7C29;
					};
				};
			};
			buildConfigurationList = 6B6A9CEA2C1E768C002D7C29 /* Build configuration list for PBXProject "swift-playground" */;
			compatibilityVersion = "Xcode 15.0";
			developmentRegion = en;
			hasScannedForEncodings = 0;
			knownRegions = (
				en,
				Base,
			);
			mainGroup = 6B6A9CE62C1E768C002D7C29;
			productRefGroup = 6B6A9CF02C1E768D002D7C29 /* Products */;
			projectDirPath = "";
			projectRoot = "";
			targets = (
				6B6A9CEE2C1E768C002D7C29 /* swift-playground */,
				6B6A9CFF2C1E768E002D7C29 /* swift-playgroundTests */,
				6B6A9D092C1E768E002D7C29 /* swift-playgroundUITests */,
			);
		};
/* End PBXProject section */

/* Begin PBXResourcesBuildPhase section */
		6B6A9CED2C1E768C002D7C29 /* Resources */ = {
			isa = PBXResourcesBuildPhase;
			buildActionMask = 2147483647;
			files = (
				6B6A9CFB2C1E768E002D7C29 /* Preview Assets.xcassets in Resources */,
				6B6A9CF72C1E768E002D7C29 /* Assets.xcassets in Resources */,
			);
			runOnlyForDeploymentPostprocessing = 0;
		};
		6B6A9CFE2C1E768E002D7C29 /* Resources */ = {
			isa = PBXResourcesBuildPhase;
			buildActionMask = 2147483647;
			files = (
			);
			runOnlyForDeploymentPostprocessing = 0;
		};
		6B6A9D082C1E768E002D7C29 /* Resources */ = {
			isa = PBXResourcesBuildPhase;
			buildActionMask = 2147483647;
			files = (
			);
			runOnlyForDeploymentPostprocessing = 0;
		};
/* End PBXResourcesBuildPhase section */

/* Begin PBXSourcesBuildPhase section */
		6B6A9CEB2C1E768C002D7C29 /* Sources */ = {
			isa = PBXSourcesBuildPhase;
			buildActionMask = 2147483647;
			files = (
				6B6A9CF52C1E768D002D7C29 /* ContentView.swift in Sources */,
				6B6A9CF32C1E768D002D7C29 /* swift_playgroundApp.swift in Sources */,
			);
			runOnlyForDeploymentPostprocessing = 0;
		};
		6B6A9CFC2C1E768E002D7C29 /* Sources */ = {
			isa = PBXSourcesBuildPhase;
			buildActionMask = 2147483647;
			files = (
				6B6A9D052C1E768E002D7C29 /* swift_playgroundTests.swift in Sources */,
			);
			runOnlyForDeploymentPostprocessing = 0;
		};
		6B6A9D062C1E768E002D7C29 /* Sources */ = {
			isa = PBXSourcesBuildPhase;
			buildActionMask = 2147483647;
			files = (
				6B6A9D0F2C1E768E002D7C29 /* swift_playgroundUITests.swift in Sources */,
				6B6A9D112C1E768E002D7C29 /* swift_playgroundUITestsLaunchTests.swift in Sources */,
			);
			runOnlyForDeploymentPostprocessing = 0;
		};
/* End PBXSourcesBuildPhase section */

/* Begin PBXTargetDependency section */
		6B6A9D022C1E768E002D7C29 /* PBXTargetDependency */ = {
			isa = PBXTargetDependency;
			target = 6B6A9CEE2C1E768C002D7C29 /* swift-playground */;
			targetProxy = 6B6A9D012C1E768E002D7C29 /* PBXContainerItemProxy */;
		};
		6B6A9D0C2C1E768E002D7C29 /* PBXTargetDependency */ = {
			isa = PBXTargetDependency;
			target = 6B6A9CEE2C1E768C002D7C29 /* swift-playground */;
			targetProxy = 6B6A9D0B2C1E768E002D7C29 /* PBXContainerItemProxy */;
		};
/* End PBXTargetDependency section */

/* Begin XCBuildConfiguration section */
		6B6A9D122C1E768E002D7C29 /* Debug */ = {
			isa = XCBuildConfiguration;
			buildSettings = {
				ALWAYS_SEARCH_USER_PATHS = NO;
				ASSETCATALOG_COMPILER_GENERATE_SWIFT_ASSET_SYMBOL_EXTENSIONS = YES;
				CLANG_ANALYZER_NONNULL = YES;
				CLANG_ANALYZER_NUMBER_OBJECT_CONVERSION = YES_AGGRESSIVE;
				CLANG_CXX_LANGUAGE_STANDARD = "gnu++20";
				CLANG_ENABLE_MODULES = YES;
				CLANG_ENABLE_OBJC_ARC = YES;
				CLANG_ENABLE_OBJC_WEAK = YES;
				CLANG_WARN_BLOCK_CAPTURE_AUTORELEASING = YES;
				CLANG_WARN_BOOL_CONVERSION = YES;
				CLANG_WARN_COMMA = YES;
				CLANG_WARN_CONSTANT_CONVERSION = YES;
				CLANG_WARN_DEPRECATED_OBJC_IMPLEMENTATIONS = YES;
				CLANG_WARN_DIRECT_OBJC_ISA_USAGE = YES_ERROR;
				CLANG_WARN_DOCUMENTATION_COMMENTS = YES;
				CLANG_WARN_EMPTY_BODY = YES;
				CLANG_WARN_ENUM_CONVERSION = YES;
				CLANG_WARN_INFINITE_RECURSION = YES;
				CLANG_WARN_INT_CONVERSION = YES;
				CLANG_WARN_NON_LITERAL_NULL_CONVERSION = YES;
				CLANG_WARN_OBJC_IMPLICIT_RETAIN_SELF = YES;
				CLANG_WARN_OBJC_LITERAL_CONVERSION = YES;
				CLANG_WARN_OBJC_ROOT_CLASS = YES_ERROR;
				CLANG_WARN_QUOTED_INCLUDE_IN_FRAMEWORK_HEADER = YES;
				CLANG_WARN_RANGE_LOOP_ANALYSIS = YES;
				CLANG_WARN_STRICT_PROTOTYPES = YES;
				CLANG_WARN_SUSPICIOUS_MOVE = YES;
				CLANG_WARN_UNGUARDED_AVAILABILITY = YES_AGGRESSIVE;
				CLANG_WARN_UNREACHABLE_CODE = YES;
				CLANG_WARN__DUPLICATE_METHOD_MATCH = YES;
				COPY_PHASE_STRIP = NO;
				DEBUG_INFORMATION_FORMAT = dwarf;
				ENABLE_STRICT_OBJC_MSGSEND = YES;
				ENABLE_TESTABILITY = YES;
				ENABLE_USER_SCRIPT_SANDBOXING = YES;
				GCC_C_LANGUAGE_STANDARD = gnu17;
				GCC_DYNAMIC_NO_PIC = NO;
				GCC_NO_COMMON_BLOCKS = YES;
				GCC_OPTIMIZATION_LEVEL = 0;
				GCC_PREPROCESSOR_DEFINITIONS = (
					"DEBUG=1",
					"$(inherited)",
				);
				GCC_WARN_64_TO_32_BIT_CONVERSION = YES;
				GCC_WARN_ABOUT_RETURN_TYPE = YES_ERROR;
				GCC_WARN_UNDECLARED_SELECTOR = YES;
				GCC_WARN_UNINITIALIZED_AUTOS = YES_AGGRESSIVE;
				GCC_WARN_UNUSED_FUNCTION = YES;
				GCC_WARN_UNUSED_VARIABLE = YES;
				LOCALIZATION_PREFERS_STRING_CATALOGS = YES;
				MTL_ENABLE_DEBUG_INFO = INCLUDE_SOURCE;
				MTL_FAST_MATH = YES;
				ONLY_ACTIVE_ARCH = YES;
				SWIFT_ACTIVE_COMPILATION_CONDITIONS = "DEBUG $(inherited)";
				SWIFT_OPTIMIZATION_LEVEL = "-Onone";
			};
			name = Debug;
		};
		6B6A9D132C1E768E002D7C29 /* Release */ = {
			isa = XCBuildConfiguration;
			buildSettings = {
				ALWAYS_SEARCH_USER_PATHS = NO;
				ASSETCATALOG_COMPILER_GENERATE_SWIFT_ASSET_SYMBOL_EXTENSIONS = YES;
				CLANG_ANALYZER_NONNULL = YES;
				CLANG_ANALYZER_NUMBER_OBJECT_CONVERSION = YES_AGGRESSIVE;
				CLANG_CXX_LANGUAGE_STANDARD = "gnu++20";
				CLANG_ENABLE_MODULES = YES;
				CLANG_ENABLE_OBJC_ARC = YES;
				CLANG_ENABLE_OBJC_WEAK = YES;
				CLANG_WARN_BLOCK_CAPTURE_AUTORELEASING = YES;
				CLANG_WARN_BOOL_CONVERSION = YES;
				CLANG_WARN_COMMA = YES;
				CLANG_WARN_CONSTANT_CONVERSION = YES;
				CLANG_WARN_DEPRECATED_OBJC_IMPLEMENTATIONS = YES;
				CLANG_WARN_DIRECT_OBJC_ISA_USAGE = YES_ERROR;
				CLANG_WARN_DOCUMENTATION_COMMENTS = YES;
				CLANG_WARN_EMPTY_BODY = YES;
				CLANG_WARN_ENUM_CONVERSION = YES;
				CLANG_WARN_INFINITE_RECURSION = YES;
				CLANG_WARN_INT_CONVERSION = YES;
				CLANG_WARN_NON_LITERAL_NULL_CONVERSION = YES;
				CLANG_WARN_OBJC_IMPLICIT_RETAIN_SELF = YES;
				CLANG_WARN_OBJC_LITERAL_CONVERSION = YES;
				CLANG_WARN_OBJC_ROOT_CLASS = YES_ERROR;
				CLANG_WARN_QUOTED_INCLUDE_IN_FRAMEWORK_HEADER = YES;
				CLANG_WARN_RANGE_LOOP_ANALYSIS = YES;
				CLANG_WARN_STRICT_PROTOTYPES = YES;
				CLANG_WARN_SUSPICIOUS_MOVE = YES;
				CLANG_WARN_UNGUARDED_AVAILABILITY = YES_AGGRESSIVE;
				CLANG_WARN_UNREACHABLE_CODE = YES;
				CLANG_WARN__DUPLICATE_METHOD_MATCH = YES;
				COPY_PHASE_STRIP = NO;
				DEBUG_INFORMATION_FORMAT = "dwarf-with-dsym";
				ENABLE_NS_ASSERTIONS = NO;
				ENABLE_STRICT_OBJC_MSGSEND = YES;
				ENABLE_USER_SCRIPT_SANDBOXING = YES;
				GCC_C_LANGUAGE_STANDARD = gnu17;
				GCC_NO_COMMON_BLOCKS = YES;
				GCC_WARN_64_TO_32_BIT_CONVERSION = YES;
				GCC_WARN_ABOUT_RETURN_TYPE = YES_ERROR;
				GCC_WARN_UNDECLARED_SELECTOR = YES;
				GCC_WARN_UNINITIALIZED_AUTOS = YES_AGGRESSIVE;
				GCC_WARN_UNUSED_FUNCTION = YES;
				GCC_WARN_UNUSED_VARIABLE = YES;
				LOCALIZATION_PREFERS_STRING_CATALOGS = YES;
				MTL_ENABLE_DEBUG_INFO = NO;
				MTL_FAST_MATH = YES;
				SWIFT_COMPILATION_MODE = wholemodule;
			};
			name = Release;
		};
		6B6A9D152C1E768E002D7C29 /* Debug */ = {
			isa = XCBuildConfiguration;
			buildSettings = {
				ASSETCATALOG_COMPILER_APPICON_NAME = AppIcon;
				ASSETCATALOG_COMPILER_GLOBAL_ACCENT_COLOR_NAME = AccentColor;
				CODE_SIGN_ENTITLEMENTS = "swift-playground/swift_playground.entitlements";
				CODE_SIGN_STYLE = Automatic;
				CURRENT_PROJECT_VERSION = 1;
				DEVELOPMENT_ASSET_PATHS = "\"swift-playground/Preview Content\"";
				ENABLE_PREVIEWS = YES;
				GENERATE_INFOPLIST_FILE = YES;
				"INFOPLIST_KEY_UIApplicationSceneManifest_Generation[sdk=iphoneos*]" = YES;
				"INFOPLIST_KEY_UIApplicationSceneManifest_Generation[sdk=iphonesimulator*]" = YES;
				"INFOPLIST_KEY_UIApplicationSupportsIndirectInputEvents[sdk=iphoneos*]" = YES;
				"INFOPLIST_KEY_UIApplicationSupportsIndirectInputEvents[sdk=iphonesimulator*]" = YES;
				"INFOPLIST_KEY_UILaunchScreen_Generation[sdk=iphoneos*]" = YES;
				"INFOPLIST_KEY_UILaunchScreen_Generation[sdk=iphonesimulator*]" = YES;
				"INFOPLIST_KEY_UIStatusBarStyle[sdk=iphoneos*]" = UIStatusBarStyleDefault;
				"INFOPLIST_KEY_UIStatusBarStyle[sdk=iphonesimulator*]" = UIStatusBarStyleDefault;
				INFOPLIST_KEY_UISupportedInterfaceOrientations_iPad = "UIInterfaceOrientationPortrait UIInterfaceOrientationPortraitUpsideDown UIInterfaceOrientationLandscapeLeft UIInterfaceOrientationLandscapeRight";
				INFOPLIST_KEY_UISupportedInterfaceOrientations_iPhone = "UIInterfaceOrientationPortrait UIInterfaceOrientationLandscapeLeft UIInterfaceOrientationLandscapeRight";
				IPHONEOS_DEPLOYMENT_TARGET = 18.0;
				LD_RUNPATH_SEARCH_PATHS = "@executable_path/Frameworks";
				"LD_RUNPATH_SEARCH_PATHS[sdk=macosx*]" = "@executable_path/../Frameworks";
				MACOSX_DEPLOYMENT_TARGET = 15.0;
				MARKETING_VERSION = 1.0;
				PRODUCT_BUNDLE_IDENTIFIER = "com.laggedskapari.swift-playground";
				PRODUCT_NAME = "$(TARGET_NAME)";
				SDKROOT = auto;
				SUPPORTED_PLATFORMS = "iphoneos iphonesimulator macosx xros xrsimulator";
				SWIFT_EMIT_LOC_STRINGS = YES;
				SWIFT_VERSION = 5.0;
				TARGETED_DEVICE_FAMILY = "1,2,7";
				XROS_DEPLOYMENT_TARGET = 2.0;
			};
			name = Debug;
		};
		6B6A9D162C1E768E002D7C29 /* Release */ = {
			isa = XCBuildConfiguration;
			buildSettings = {
				ASSETCATALOG_COMPILER_APPICON_NAME = AppIcon;
				ASSETCATALOG_COMPILER_GLOBAL_ACCENT_COLOR_NAME = AccentColor;
				CODE_SIGN_ENTITLEMENTS = "swift-playground/swift_playground.entitlements";
				CODE_SIGN_STYLE = Automatic;
				CURRENT_PROJECT_VERSION = 1;
				DEVELOPMENT_ASSET_PATHS = "\"swift-playground/Preview Content\"";
				ENABLE_PREVIEWS = YES;
				GENERATE_INFOPLIST_FILE = YES;
				"INFOPLIST_KEY_UIApplicationSceneManifest_Generation[sdk=iphoneos*]" = YES;
				"INFOPLIST_KEY_UIApplicationSceneManifest_Generation[sdk=iphonesimulator*]" = YES;
				"INFOPLIST_KEY_UIApplicationSupportsIndirectInputEvents[sdk=iphoneos*]" = YES;
				"INFOPLIST_KEY_UIApplicationSupportsIndirectInputEvents[sdk=iphonesimulator*]" = YES;
				"INFOPLIST_KEY_UILaunchScreen_Generation[sdk=iphoneos*]" = YES;
				"INFOPLIST_KEY_UILaunchScreen_Generation[sdk=iphonesimulator*]" = YES;
				"INFOPLIST_KEY_UIStatusBarStyle[sdk=iphoneos*]" = UIStatusBarStyleDefault;
				"INFOPLIST_KEY_UIStatusBarStyle[sdk=iphonesimulator*]" = UIStatusBarStyleDefault;
				INFOPLIST_KEY_UISupportedInterfaceOrientations_iPad = "UIInterfaceOrientationPortrait UIInterfaceOrientationPortraitUpsideDown UIInterfaceOrientationLandscapeLeft UIInterfaceOrientationLandscapeRight";
				INFOPLIST_KEY_UISupportedInterfaceOrientations_iPhone = "UIInterfaceOrientationPortrait UIInterfaceOrientationLandscapeLeft UIInterfaceOrientationLandscapeRight";
				IPHONEOS_DEPLOYMENT_TARGET = 18.0;
				LD_RUNPATH_SEARCH_PATHS = "@executable_path/Frameworks";
				"LD_RUNPATH_SEARCH_PATHS[sdk=macosx*]" = "@executable_path/../Frameworks";
				MACOSX_DEPLOYMENT_TARGET = 15.0;
				MARKETING_VERSION = 1.0;
				PRODUCT_BUNDLE_IDENTIFIER = "com.laggedskapari.swift-playground";
				PRODUCT_NAME = "$(TARGET_NAME)";
				SDKROOT = auto;
				SUPPORTED_PLATFORMS = "iphoneos iphonesimulator macosx xros xrsimulator";
				SWIFT_EMIT_LOC_STRINGS = YES;
				SWIFT_VERSION = 5.0;
				TARGETED_DEVICE_FAMILY = "1,2,7";
				XROS_DEPLOYMENT_TARGET = 2.0;
			};
			name = Release;
		};
		6B6A9D182C1E768E002D7C29 /* Debug */ = {
			isa = XCBuildConfiguration;
			buildSettings = {
				BUNDLE_LOADER = "$(TEST_HOST)";
				CODE_SIGN_STYLE = Automatic;
				CURRENT_PROJECT_VERSION = 1;
				GENERATE_INFOPLIST_FILE = YES;
				IPHONEOS_DEPLOYMENT_TARGET = 18.0;
				MACOSX_DEPLOYMENT_TARGET = 15.0;
				MARKETING_VERSION = 1.0;
				PRODUCT_BUNDLE_IDENTIFIER = "com.laggedskapari.swift-playgroundTests";
				PRODUCT_NAME = "$(TARGET_NAME)";
				SDKROOT = auto;
				SUPPORTED_PLATFORMS = "iphoneos iphonesimulator macosx xros xrsimulator";
				SWIFT_EMIT_LOC_STRINGS = NO;
				SWIFT_VERSION = 5.0;
				TARGETED_DEVICE_FAMILY = "1,2,7";
				TEST_HOST = "$(BUILT_PRODUCTS_DIR)/swift-playground.app/$(BUNDLE_EXECUTABLE_FOLDER_PATH)/swift-playground";
				XROS_DEPLOYMENT_TARGET = 2.0;
			};
			name = Debug;
		};
		6B6A9D192C1E768E002D7C29 /* Release */ = {
			isa = XCBuildConfiguration;
			buildSettings = {
				BUNDLE_LOADER = "$(TEST_HOST)";
				CODE_SIGN_STYLE = Automatic;
				CURRENT_PROJECT_VERSION = 1;
				GENERATE_INFOPLIST_FILE = YES;
				IPHONEOS_DEPLOYMENT_TARGET = 18.0;
				MACOSX_DEPLOYMENT_TARGET = 15.0;
				MARKETING_VERSION = 1.0;
				PRODUCT_BUNDLE_IDENTIFIER = "com.laggedskapari.swift-playgroundTests";
				PRODUCT_NAME = "$(TARGET_NAME)";
				SDKROOT = auto;
				SUPPORTED_PLATFORMS = "iphoneos iphonesimulator macosx xros xrsimulator";
				SWIFT_EMIT_LOC_STRINGS = NO;
				SWIFT_VERSION = 5.0;
				TARGETED_DEVICE_FAMILY = "1,2,7";
				TEST_HOST = "$(BUILT_PRODUCTS_DIR)/swift-playground.app/$(BUNDLE_EXECUTABLE_FOLDER_PATH)/swift-playground";
				XROS_DEPLOYMENT_TARGET = 2.0;
			};
			name = Release;
		};
		6B6A9D1B2C1E768E002D7C29 /* Debug */ = {
			isa = XCBuildConfiguration;
			buildSettings = {
				CODE_SIGN_STYLE = Automatic;
				CURRENT_PROJECT_VERSION = 1;
				GENERATE_INFOPLIST_FILE = YES;
				IPHONEOS_DEPLOYMENT_TARGET = 18.0;
				MACOSX_DEPLOYMENT_TARGET = 15.0;
				MARKETING_VERSION = 1.0;
				PRODUCT_BUNDLE_IDENTIFIER = "com.laggedskapari.swift-playgroundUITests";
				PRODUCT_NAME = "$(TARGET_NAME)";
				SDKROOT = auto;
				SUPPORTED_PLATFORMS = "iphoneos iphonesimulator macosx xros xrsimulator";
				SWIFT_EMIT_LOC_STRINGS = NO;
				SWIFT_VERSION = 5.0;
				TARGETED_DEVICE_FAMILY = "1,2,7";
				TEST_TARGET_NAME = "swift-playground";
				XROS_DEPLOYMENT_TARGET = 2.0;
			};
			name = Debug;
		};
		6B6A9D1C2C1E768E002D7C29 /* Release */ = {
			isa = XCBuildConfiguration;
			buildSettings = {
				CODE_SIGN_STYLE = Automatic;
				CURRENT_PROJECT_VERSION = 1;
				GENERATE_INFOPLIST_FILE = YES;
				IPHONEOS_DEPLOYMENT_TARGET = 18.0;
				MACOSX_DEPLOYMENT_TARGET = 15.0;
				MARKETING_VERSION = 1.0;
				PRODUCT_BUNDLE_IDENTIFIER = "com.laggedskapari.swift-playgroundUITests";
				PRODUCT_NAME = "$(TARGET_NAME)";
				SDKROOT = auto;
				SUPPORTED_PLATFORMS = "iphoneos iphonesimulator macosx xros xrsimulator";
				SWIFT_EMIT_LOC_STRINGS = NO;
				SWIFT_VERSION = 5.0;
				TARGETED_DEVICE_FAMILY = "1,2,7";
				TEST_TARGET_NAME = "swift-playground";
				XROS_DEPLOYMENT_TARGET = 2.0;
			};
			name = Release;
		};
/* End XCBuildConfiguration section */

/* Begin XCConfigurationList section */
		6B6A9CEA2C1E768C002D7C29 /* Build configuration list for PBXProject "swift-playground" */ = {
			isa = XCConfigurationList;
			buildConfigurations = (
				6B6A9D122C1E768E002D7C29 /* Debug */,
				6B6A9D132C1E768E002D7C29 /* Release */,
			);
			defaultConfigurationIsVisible = 0;
			defaultConfigurationName = Release;
		};
		6B6A9D142C1E768E002D7C29 /* Build configuration list for PBXNativeTarget "swift-playground" */ = {
			isa = XCConfigurationList;
			buildConfigurations = (
				6B6A9D152C1E768E002D7C29 /* Debug */,
				6B6A9D162C1E768E002D7C29 /* Release */,
			);
			defaultConfigurationIsVisible = 0;
			defaultConfigurationName = Release;
		};
		6B6A9D172C1E768E002D7C29 /* Build configuration list for PBXNativeTarget "swift-playgroundTests" */ = {
			isa = XCConfigurationList;
			buildConfigurations = (
				6B6A9D182C1E768E002D7C29 /* Debug */,
				6B6A9D192C1E768E002D7C29 /* Release */,
			);
			defaultConfigurationIsVisible = 0;
			defaultConfigurationName = Release;
		};
		6B6A9D1A2C1E768E002D7C29 /* Build configuration list for PBXNativeTarget "swift-playgroundUITests" */ = {
			isa = XCConfigurationList;
			buildConfigurations = (
				6B6A9D1B2C1E768E002D7C29 /* Debug */,
				6B6A9D1C2C1E768E002D7C29 /* Release */,
			);
			defaultConfigurationIsVisible = 0;
			defaultConfigurationName = Release;
		};
/* End XCConfigurationList section */
	};
	rootObject = 6B6A9CE72C1E768C002D7C29 /* Project object */;
}
